// !$*UTF8*$!
{
	archiveVersion = 1;
	classes = {
	};
	objectVersion = 50;
	objects = {

/* Begin PBXBuildFile section */
		976BE2E7222D5A9A00D5D578 /* AppDelegate.swift in Sources */ = {isa = PBXBuildFile; fileRef = 976BE2E6222D5A9A00D5D578 /* AppDelegate.swift */; };
		976BE2E9222D5A9A00D5D578 /* ViewController.swift in Sources */ = {isa = PBXBuildFile; fileRef = 976BE2E8222D5A9A00D5D578 /* ViewController.swift */; };
		976BE2EC222D5A9A00D5D578 /* Main.storyboard in Resources */ = {isa = PBXBuildFile; fileRef = 976BE2EA222D5A9A00D5D578 /* Main.storyboard */; };
		976BE2EE222D5A9B00D5D578 /* Assets.xcassets in Resources */ = {isa = PBXBuildFile; fileRef = 976BE2ED222D5A9B00D5D578 /* Assets.xcassets */; };
		976BE2F1222D5A9B00D5D578 /* LaunchScreen.storyboard in Resources */ = {isa = PBXBuildFile; fileRef = 976BE2EF222D5A9B00D5D578 /* LaunchScreen.storyboard */; };
/* End PBXBuildFile section */

/* Begin PBXFileReference section */
		976BE2E3222D5A9A00D5D578 /* JSCoreSample.app */ = {isa = PBXFileReference; explicitFileType = wrapper.application; includeInIndex = 0; path = JSCoreSample.app; sourceTree = BUILT_PRODUCTS_DIR; };
		976BE2E6222D5A9A00D5D578 /* AppDelegate.swift */ = {isa = PBXFileReference; lastKnownFileType = sourcecode.swift; path = AppDelegate.swift; sourceTree = "<group>"; };
		976BE2E8222D5A9A00D5D578 /* ViewController.swift */ = {isa = PBXFileReference; lastKnownFileType = sourcecode.swift; path = ViewController.swift; sourceTree = "<group>"; };
		976BE2EB222D5A9A00D5D578 /* Base */ = {isa = PBXFileReference; lastKnownFileType = file.storyboard; name = Base; path = Base.lproj/Main.storyboard; sourceTree = "<group>"; };
		976BE2ED222D5A9B00D5D578 /* Assets.xcassets */ = {isa = PBXFileReference; lastKnownFileType = folder.assetcatalog; path = Assets.xcassets; sourceTree = "<group>"; };
		976BE2F0222D5A9B00D5D578 /* Base */ = {isa = PBXFileReference; lastKnownFileType = file.storyboard; name = Base; path = Base.lproj/LaunchScreen.storyboard; sourceTree = "<group>"; };
		976BE2F2222D5A9B00D5D578 /* Info.plist */ = {isa = PBXFileReference; lastKnownFileType = text.plist.xml; path = Info.plist; sourceTree = "<group>"; };
/* End PBXFileReference section */

/* Begin PBXFrameworksBuildPhase section */
		976BE2E0222D5A9A00D5D578 /* Frameworks */ = {
			isa = PBXFrameworksBuildPhase;
			buildActionMask = 2147483647;
			files = (
			);
			runOnlyForDeploymentPostprocessing = 0;
		};
/* End PBXFrameworksBuildPhase section */

/* Begin PBXGroup section */
		976BE2DA222D5A9A00D5D578 = {
			isa = PBXGroup;
			children = (
				976BE2E5222D5A9A00D5D578 /* JSCoreSample */,
				976BE2E4222D5A9A00D5D578 /* Products */,
			);
			sourceTree = "<group>";
		};
		976BE2E4222D5A9A00D5D578 /* Products */ = {
			isa = PBXGroup;
			children = (
				976BE2E3222D5A9A00D5D578 /* JSCoreSample.app */,
			);
			name = Products;
			sourceTree = "<group>";
		};
		976BE2E5222D5A9A00D5D578 /* JSCoreSample */ = {
			isa = PBXGroup;
			children = (
				976BE2E6222D5A9A00D5D578 /* AppDelegate.swift */,
				976BE2E8222D5A9A00D5D578 /* ViewController.swift */,
				976BE2EA222D5A9A00D5D578 /* Main.storyboard */,
				976BE2ED222D5A9B00D5D578 /* Assets.xcassets */,
				976BE2EF222D5A9B00D5D578 /* LaunchScreen.storyboard */,
				976BE2F2222D5A9B00D5D578 /* Info.plist */,
			);
			path = JSCoreSample;
			sourceTree = "<group>";
		};
/* End PBXGroup section */

/* Begin PBXNativeTarget section */
		976BE2E2222D5A9A00D5D578 /* JSCoreSample */ = {
			isa = PBXNativeTarget;
			buildConfigurationList = 976BE2F5222D5A9B00D5D578 /* Build configuration list for PBXNativeTarget "JSCoreSample" */;
			buildPhases = (
				976BE2DF222D5A9A00D5D578 /* Sources */,
				976BE2E0222D5A9A00D5D578 /* Frameworks */,
				976BE2E1222D5A9A00D5D578 /* Resources */,
			);
			buildRules = (
			);
			dependencies = (
			);
			name = JSCoreSample;
			productName = JSCoreSample;
			productReference = 976BE2E3222D5A9A00D5D578 /* JSCoreSample.app */;
			productType = "com.apple.product-type.application";
		};
/* End PBXNativeTarget section */

/* Begin PBXProject section */
		976BE2DB222D5A9A00D5D578 /* Project object */ = {
			isa = PBXProject;
			attributes = {
				LastSwiftUpdateCheck = 1010;
				LastUpgradeCheck = 1010;
				ORGANIZATIONNAME = "Yuya Mimura";
				TargetAttributes = {
					976BE2E2222D5A9A00D5D578 = {
						CreatedOnToolsVersion = 10.1;
					};
				};
			};
			buildConfigurationList = 976BE2DE222D5A9A00D5D578 /* Build configuration list for PBXProject "JSCoreSample" */;
			compatibilityVersion = "Xcode 9.3";
			developmentRegion = en;
			hasScannedForEncodings = 0;
			knownRegions = (
				en,
				Base,
			);
			mainGroup = 976BE2DA222D5A9A00D5D578;
			productRefGroup = 976BE2E4222D5A9A00D5D578 /* Products */;
			projectDirPath = "";
			projectRoot = "";
			targets = (
				976BE2E2222D5A9A00D5D578 /* JSCoreSample */,
			);
		};
/* End PBXProject section */

/* Begin PBXResourcesBuildPhase section */
		976BE2E1222D5A9A00D5D578 /* Resources */ = {
			isa = PBXResourcesBuildPhase;
			buildActionMask = 2147483647;
			files = (
				976BE2F1222D5A9B00D5D578 /* LaunchScreen.storyboard in Resources */,
				976BE2EE222D5A9B00D5D578 /* Assets.xcassets in Resources */,
				976BE2EC222D5A9A00D5D578 /* Main.storyboard in Resources */,
			);
			runOnlyForDeploymentPostprocessing = 0;
		};
/* End PBXResourcesBuildPhase section */

/* Begin PBXSourcesBuildPhase section */
		976BE2DF222D5A9A00D5D578 /* Sources */ = {
			isa = PBXSourcesBuildPhase;
			buildActionMask = 2147483647;
			files = (
				976BE2E9222D5A9A00D5D578 /* ViewController.swift in Sources */,
				976BE2E7222D5A9A00D5D578 /* AppDelegate.swift in Sources */,
			);
			runOnlyForDeploymentPostprocessing = 0;
		};
/* End PBXSourcesBuildPhase section */

/* Begin PBXVariantGroup section */
		976BE2EA222D5A9A00D5D578 /* Main.storyboard */ = {
			isa = PBXVariantGroup;
			children = (
				976BE2EB222D5A9A00D5D578 /* Base */,
			);
			name = Main.storyboard;
			sourceTree = "<group>";
		};
		976BE2EF222D5A9B00D5D578 /* LaunchScreen.storyboard */ = {
			isa = PBXVariantGroup;
			children = (
				976BE2F0222D5A9B00D5D578 /* Base */,
			);
			name = LaunchScreen.storyboard;
			sourceTree = "<group>";
		};
/* End PBXVariantGroup section */

/* Begin XCBuildConfiguration section */
		976BE2F3222D5A9B00D5D578 /* Debug */ = {
			isa = XCBuildConfiguration;
			buildSettings = {
				ALWAYS_SEARCH_USER_PATHS = NO;
				CLANG_ANALYZER_NONNULL = YES;
				CLANG_ANALYZER_NUMBER_OBJECT_CONVERSION = YES_AGGRESSIVE;
				CLANG_CXX_LANGUAGE_STANDARD = "gnu++14";
				CLANG_CXX_LIBRARY = "libc++";
				CLANG_ENABLE_MODULES = YES;
				CLANG_ENABLE_OBJC_ARC = YES;
				CLANG_ENABLE_OBJC_WEAK = YES;
				CLANG_WARN_BLOCK_CAPTURE_AUTORELEASING = YES;
				CLANG_WARN_BOOL_CONVERSION = YES;
				CLANG_WARN_COMMA = YES;
				CLANG_WARN_CONSTANT_CONVERSION = YES;
				CLANG_WARN_DEPRECATED_OBJC_IMPLEMENTATIONS = YES;
				CLANG_WARN_DIRECT_OBJC_ISA_USAGE = YES_ERROR;
				CLANG_WARN_DOCUMENTATION_COMMENTS = YES;
				CLANG_WARN_EMPTY_BODY = YES;
				CLANG_WARN_ENUM_CONVERSION = YES;
				CLANG_WARN_INFINITE_RECURSION = YES;
				CLANG_WARN_INT_CONVERSION = YES;
				CLANG_WARN_NON_LITERAL_NULL_CONVERSION = YES;
				CLANG_WARN_OBJC_IMPLICIT_RETAIN_SELF = YES;
				CLANG_WARN_OBJC_LITERAL_CONVERSION = YES;
				CLANG_WARN_OBJC_ROOT_CLASS = YES_ERROR;
				CLANG_WARN_RANGE_LOOP_ANALYSIS = YES;
				CLANG_WARN_STRICT_PROTOTYPES = YES;
				CLANG_WARN_SUSPICIOUS_MOVE = YES;
				CLANG_WARN_UNGUARDED_AVAILABILITY = YES_AGGRESSIVE;
				CLANG_WARN_UNREACHABLE_CODE = YES;
				CLANG_WARN__DUPLICATE_METHOD_MATCH = YES;
				CODE_SIGN_IDENTITY = "iPhone Developer";
				COPY_PHASE_STRIP = NO;
				DEBUG_INFORMATION_FORMAT = dwarf;
				ENABLE_STRICT_OBJC_MSGSEND = YES;
				ENABLE_TESTABILITY = YES;
				GCC_C_LANGUAGE_STANDARD = gnu11;
				GCC_DYNAMIC_NO_PIC = NO;
				GCC_NO_COMMON_BLOCKS = YES;
				GCC_OPTIMIZATION_LEVEL = 0;
				GCC_PREPROCESSOR_DEFINITIONS = (
					"DEBUG=1",
					"$(inherited)",
				);
				GCC_WARN_64_TO_32_BIT_CONVERSION = YES;
				GCC_WARN_ABOUT_RETURN_TYPE = YES_ERROR;
				GCC_WARN_UNDECLARED_SELECTOR = YES;
				GCC_WARN_UNINITIALIZED_AUTOS = YES_AGGRESSIVE;
				GCC_WARN_UNUSED_FUNCTION = YES;
				GCC_WARN_UNUSED_VARIABLE = YES;
				IPHONEOS_DEPLOYMENT_TARGET = 12.1;
				MTL_ENABLE_DEBUG_INFO = INCLUDE_SOURCE;
				MTL_FAST_MATH = YES;
				ONLY_ACTIVE_ARCH = YES;
				SDKROOT = iphoneos;
				SWIFT_ACTIVE_COMPILATION_CONDITIONS = DEBUG;
				SWIFT_OPTIMIZATION_LEVEL = "-Onone";
			};
			name = Debug;
		};
		976BE2F4222D5A9B00D5D578 /* Release */ = {
			isa = XCBuildConfiguration;
			buildSettings = {
				ALWAYS_SEARCH_USER_PATHS = NO;
				CLANG_ANALYZER_NONNULL = YES;
				CLANG_ANALYZER_NUMBER_OBJECT_CONVERSION = YES_AGGRESSIVE;
				CLANG_CXX_LANGUAGE_STANDARD = "gnu++14";
				CLANG_CXX_LIBRARY = "libc++";
				CLANG_ENABLE_MODULES = YES;
				CLANG_ENABLE_OBJC_ARC = YES;
				CLANG_ENABLE_OBJC_WEAK = YES;
				CLANG_WARN_BLOCK_CAPTURE_AUTORELEASING = YES;
				CLANG_WARN_BOOL_CONVERSION = YES;
				CLANG_WARN_COMMA = YES;
				CLANG_WARN_CONSTANT_CONVERSION = YES;
				CLANG_WARN_DEPRECATED_OBJC_IMPLEMENTATIONS = YES;
				CLANG_WARN_DIRECT_OBJC_ISA_USAGE = YES_ERROR;
				CLANG_WARN_DOCUMENTATION_COMMENTS = YES;
				CLANG_WARN_EMPTY_BODY = YES;
				CLANG_WARN_ENUM_CONVERSION = YES;
				CLANG_WARN_INFINITE_RECURSION = YES;
				CLANG_WARN_INT_CONVERSION = YES;
				CLANG_WARN_NON_LITERAL_NULL_CONVERSION = YES;
				CLANG_WARN_OBJC_IMPLICIT_RETAIN_SELF = YES;
				CLANG_WARN_OBJC_LITERAL_CONVERSION = YES;
				CLANG_WARN_OBJC_ROOT_CLASS = YES_ERROR;
				CLANG_WARN_RANGE_LOOP_ANALYSIS = YES;
				CLANG_WARN_STRICT_PROTOTYPES = YES;
				CLANG_WARN_SUSPICIOUS_MOVE = YES;
				CLANG_WARN_UNGUARDED_AVAILABILITY = YES_AGGRESSIVE;
				CLANG_WARN_UNREACHABLE_CODE = YES;
				CLANG_WARN__DUPLICATE_METHOD_MATCH = YES;
				CODE_SIGN_IDENTITY = "iPhone Developer";
				COPY_PHASE_STRIP = NO;
				DEBUG_INFORMATION_FORMAT = "dwarf-with-dsym";
				ENABLE_NS_ASSERTIONS = NO;
				ENABLE_STRICT_OBJC_MSGSEND = YES;
				GCC_C_LANGUAGE_STANDARD = gnu11;
				GCC_NO_COMMON_BLOCKS = YES;
				GCC_WARN_64_TO_32_BIT_CONVERSION = YES;
				GCC_WARN_ABOUT_RETURN_TYPE = YES_ERROR;
				GCC_WARN_UNDECLARED_SELECTOR = YES;
				GCC_WARN_UNINITIALIZED_AUTOS = YES_AGGRESSIVE;
				GCC_WARN_UNUSED_FUNCTION = YES;
				GCC_WARN_UNUSED_VARIABLE = YES;
				IPHONEOS_DEPLOYMENT_TARGET = 12.1;
				MTL_ENABLE_DEBUG_INFO = NO;
				MTL_FAST_MATH = YES;
				SDKROOT = iphoneos;
				SWIFT_COMPILATION_MODE = wholemodule;
				SWIFT_OPTIMIZATION_LEVEL = "-O";
				VALIDATE_PRODUCT = YES;
			};
			name = Release;
		};
		976BE2F6222D5A9B00D5D578 /* Debug */ = {
			isa = XCBuildConfiguration;
			buildSettings = {
				ASSETCATALOG_COMPILER_APPICON_NAME = AppIcon;
				CODE_SIGN_STYLE = Automatic;
				DEVELOPMENT_TEAM = 3BYYY62JVF;
				INFOPLIST_FILE = JSCoreSample/Info.plist;
				LD_RUNPATH_SEARCH_PATHS = (
					"$(inherited)",
					"@executable_path/Frameworks",
				);
				PRODUCT_BUNDLE_IDENTIFIER = "com.y-mimura.JSCoreSample";
				PRODUCT_NAME = "$(TARGET_NAME)";
				SWIFT_VERSION = 4.2;
				TARGETED_DEVICE_FAMILY = "1,2";
			};
			name = Debug;
		};
		976BE2F7222D5A9B00D5D578 /* Release */ = {
			isa = XCBuildConfiguration;
			buildSettings = {
				ASSETCATALOG_COMPILER_APPICON_NAME = AppIcon;
				CODE_SIGN_STYLE = Automatic;
				DEVELOPMENT_TEAM = 3BYYY62JVF;
				INFOPLIST_FILE = JSCoreSample/Info.plist;
				LD_RUNPATH_SEARCH_PATHS = (
					"$(inherited)",
					"@executable_path/Frameworks",
				);
				PRODUCT_BUNDLE_IDENTIFIER = "com.y-mimura.JSCoreSample";
				PRODUCT_NAME = "$(TARGET_NAME)";
				SWIFT_VERSION = 4.2;
				TARGETED_DEVICE_FAMILY = "1,2";
			};
			name = Release;
		};
/* End XCBuildConfiguration section */

/* Begin XCConfigurationList section */
		976BE2DE222D5A9A00D5D578 /* Build configuration list for PBXProject "JSCoreSample" */ = {
			isa = XCConfigurationList;
			buildConfigurations = (
				976BE2F3222D5A9B00D5D578 /* Debug */,
				976BE2F4222D5A9B00D5D578 /* Release */,
			);
			defaultConfigurationIsVisible = 0;
			defaultConfigurationName = Release;
		};
		976BE2F5222D5A9B00D5D578 /* Build configuration list for PBXNativeTarget "JSCoreSample" */ = {
			isa = XCConfigurationList;
			buildConfigurations = (
				976BE2F6222D5A9B00D5D578 /* Debug */,
				976BE2F7222D5A9B00D5D578 /* Release */,
			);
			defaultConfigurationIsVisible = 0;
			defaultConfigurationName = Release;
		};
/* End XCConfigurationList section */
	};
	rootObject = 976BE2DB222D5A9A00D5D578 /* Project object */;
}
